
Microsoft Visual Studio Solution File, Format Version 12.00
# Visual Studio Version 17
VisualStudioVersion = 17.2.32630.192
MinimumVisualStudioVersion = 10.0.40219.1
Project("{9A19103F-16F7-4668-BE54-9A1E7A4F7556}") = "Opendisguard", "Opendisguard.csproj", "{5B0F2810-579B-4558-BF2B-E43B94371CC2}"
EndProject
Global
	GlobalSection(SolutionConfigurationPlatforms) = preSolution
		Debug|Any CPU = Debug|Any CPU
		Release|Any CPU = Release|Any CPU
	EndGlobalSection
	GlobalSection(ProjectConfigurationPlatforms) = postSolution
		{5B0F2810-579B-4558-BF2B-E43B94371CC2}.Debug|Any CPU.ActiveCfg = Debug|Any CPU
		{5B0F2810-579B-4558-BF2B-E43B94371CC2}.Debug|Any CPU.Build.0 = Debug|Any CPU
		{5B0F2810-579B-4558-BF2B-E43B94371CC2}.Release|Any CPU.ActiveCfg = Release|Any CPU
		{5B0F2810-579B-4558-BF2B-E43B94371CC2}.Release|Any CPU.Build.0 = Release|Any CPU
	EndGlobalSection
	GlobalSection(SolutionProperties) = preSolution
		HideSolutionNode = FALSE
	EndGlobalSection
	GlobalSection(ExtensibilityGlobals) = postSolution
		SolutionGuid = {0456DBCC-39E8-44F4-AB73-4FAA6C4F6FE1}
	EndGlobalSection
EndGlobal
